
Microsoft Visual Studio Solution File, Format Version 12.00
# Visual Studio Version 17
VisualStudioVersion = 17.4.33103.184
MinimumVisualStudioVersion = 10.0.40219.1
Project("{8BC9CEB8-8B4A-11D0-8D11-00A0C91BC942}") = "DXP_Engine", "DXP_Engine\DXP_Engine.vcxproj", "{9670FB8B-3054-4D85-91EF-63F1AD465208}"
EndProject
Project("{8BC9CEB8-8B4A-11D0-8D11-00A0C91BC942}") = "DXP_Project", "DXP_Project\DXP_Project.vcxproj", "{6EEADF43-328B-4B3E-880F-B9DF562057DF}"
EndProject
Global
	GlobalSection(SolutionConfigurationPlatforms) = preSolution
		Debug|x64 = Debug|x64
		Debug|x86 = Debug|x86
		Release|x64 = Release|x64
		Release|x86 = Release|x86
	EndGlobalSection
	GlobalSection(ProjectConfigurationPlatforms) = postSolution
		{9670FB8B-3054-4D85-91EF-63F1AD465208}.Debug|x64.ActiveCfg = Debug|x64
		{9670FB8B-3054-4D85-91EF-63F1AD465208}.Debug|x64.Build.0 = Debug|x64
		{9670FB8B-3054-4D85-91EF-63F1AD465208}.Debug|x86.ActiveCfg = Debug|Win32
		{9670FB8B-3054-4D85-91EF-63F1AD465208}.Debug|x86.Build.0 = Debug|Win32
		{9670FB8B-3054-4D85-91EF-63F1AD465208}.Release|x64.ActiveCfg = Release|x64
		{9670FB8B-3054-4D85-91EF-63F1AD465208}.Release|x64.Build.0 = Release|x64
		{9670FB8B-3054-4D85-91EF-63F1AD465208}.Release|x86.ActiveCfg = Release|Win32
		{9670FB8B-3054-4D85-91EF-63F1AD465208}.Release|x86.Build.0 = Release|Win32
		{6EEADF43-328B-4B3E-880F-B9DF562057DF}.Debug|x64.ActiveCfg = Debug|x64
		{6EEADF43-328B-4B3E-880F-B9DF562057DF}.Debug|x64.Build.0 = Debug|x64
		{6EEADF43-328B-4B3E-880F-B9DF562057DF}.Debug|x86.ActiveCfg = Debug|Win32
		{6EEADF43-328B-4B3E-880F-B9DF562057DF}.Debug|x86.Build.0 = Debug|Win32
		{6EEADF43-328B-4B3E-880F-B9DF562057DF}.Release|x64.ActiveCfg = Release|x64
		{6EEADF43-328B-4B3E-880F-B9DF562057DF}.Release|x64.Build.0 = Release|x64
		{6EEADF43-328B-4B3E-880F-B9DF562057DF}.Release|x86.ActiveCfg = Release|Win32
		{6EEADF43-328B-4B3E-880F-B9DF562057DF}.Release|x86.Build.0 = Release|Win32
	EndGlobalSection
	GlobalSection(SolutionProperties) = preSolution
		HideSolutionNode = FALSE
	EndGlobalSection
	GlobalSection(ExtensibilityGlobals) = postSolution
		SolutionGuid = {3EE33E02-F8EA-4E3C-8442-57DC766C7612}
	EndGlobalSection
EndGlobal
